// !$*UTF8*$!
{
	archiveVersion = 1;
	classes = {
	};
	objectVersion = 77;
	objects = {

/* Begin PBXBuildFile section */
		7F8B8B4E2DDFCC9A0083171E /* AppDelegate.swift in Sources */ = {isa = PBXBuildFile; fileRef = 7F8B8B4D2DDFCC9A0083171E /* AppDelegate.swift */; };
		7F8B8B522DDFCC9A0083171E /* Main.html in Resources */ = {isa = PBXBuildFile; fileRef = 7F8B8B502DDFCC9A0083171E /* Main.html */; };
		7F8B8B542DDFCC9A0083171E /* Icon.png in Resources */ = {isa = PBXBuildFile; fileRef = 7F8B8B532DDFCC9A0083171E /* Icon.png */; };
		7F8B8B562DDFCC9A0083171E /* Style.css in Resources */ = {isa = PBXBuildFile; fileRef = 7F8B8B552DDFCC9A0083171E /* Style.css */; };
		7F8B8B582DDFCC9A0083171E /* Script.js in Resources */ = {isa = PBXBuildFile; fileRef = 7F8B8B572DDFCC9A0083171E /* Script.js */; };
		7F8B8B5A2DDFCC9A0083171E /* ViewController.swift in Sources */ = {isa = PBXBuildFile; fileRef = 7F8B8B592DDFCC9A0083171E /* ViewController.swift */; };
		7F8B8B5D2DDFCC9A0083171E /* Main.storyboard in Resources */ = {isa = PBXBuildFile; fileRef = 7F8B8B5B2DDFCC9A0083171E /* Main.storyboard */; };
		7F8B8B5F2DDFCC9B0083171E /* Assets.xcassets in Resources */ = {isa = PBXBuildFile; fileRef = 7F8B8B5E2DDFCC9B0083171E /* Assets.xcassets */; };
		7F8B8B6C2DDFCC9B0083171E /* Conventional_CommentsTests.swift in Sources */ = {isa = PBXBuildFile; fileRef = 7F8B8B6B2DDFCC9B0083171E /* Conventional_CommentsTests.swift */; };
		7F8B8B762DDFCC9B0083171E /* Conventional_CommentsUITests.swift in Sources */ = {isa = PBXBuildFile; fileRef = 7F8B8B752DDFCC9B0083171E /* Conventional_CommentsUITests.swift */; };
		7F8B8B782DDFCC9B0083171E /* Conventional_CommentsUITestsLaunchTests.swift in Sources */ = {isa = PBXBuildFile; fileRef = 7F8B8B772DDFCC9B0083171E /* Conventional_CommentsUITestsLaunchTests.swift */; };
		7F8B8B7E2DDFCC9B0083171E /* Conventional Comments Extension.appex in Embed Foundation Extensions */ = {isa = PBXBuildFile; fileRef = 7F8B8B7D2DDFCC9B0083171E /* Conventional Comments Extension.appex */; settings = {ATTRIBUTES = (RemoveHeadersOnCopy, ); }; };
		7F8B8B832DDFCC9B0083171E /* SafariWebExtensionHandler.swift in Sources */ = {isa = PBXBuildFile; fileRef = 7F8B8B822DDFCC9B0083171E /* SafariWebExtensionHandler.swift */; };
		7F8B8B9A2DDFCC9B0083171E /* icons in Resources */ = {isa = PBXBuildFile; fileRef = 7F8B8B962DDFCC9B0083171E /* icons */; };
		7F8B8B9B2DDFCC9B0083171E /* style.css in Resources */ = {isa = PBXBuildFile; fileRef = 7F8B8B972DDFCC9B0083171E /* style.css */; };
		7F8B8B9C2DDFCC9B0083171E /* manifest.json in Resources */ = {isa = PBXBuildFile; fileRef = 7F8B8B982DDFCC9B0083171E /* manifest.json */; };
		7F8B8B9D2DDFCC9B0083171E /* content.js in Resources */ = {isa = PBXBuildFile; fileRef = 7F8B8B992DDFCC9B0083171E /* content.js */; };
/* End PBXBuildFile section */

/* Begin PBXContainerItemProxy section */
		7F8B8B682DDFCC9B0083171E /* PBXContainerItemProxy */ = {
			isa = PBXContainerItemProxy;
			containerPortal = 7F8B8B422DDFCC9A0083171E /* Project object */;
			proxyType = 1;
			remoteGlobalIDString = 7F8B8B492DDFCC9A0083171E;
			remoteInfo = "Conventional Comments";
		};
		7F8B8B722DDFCC9B0083171E /* PBXContainerItemProxy */ = {
			isa = PBXContainerItemProxy;
			containerPortal = 7F8B8B422DDFCC9A0083171E /* Project object */;
			proxyType = 1;
			remoteGlobalIDString = 7F8B8B492DDFCC9A0083171E;
			remoteInfo = "Conventional Comments";
		};
		7F8B8B7F2DDFCC9B0083171E /* PBXContainerItemProxy */ = {
			isa = PBXContainerItemProxy;
			containerPortal = 7F8B8B422DDFCC9A0083171E /* Project object */;
			proxyType = 1;
			remoteGlobalIDString = 7F8B8B7C2DDFCC9B0083171E;
			remoteInfo = "Conventional Comments Extension";
		};
/* End PBXContainerItemProxy section */

/* Begin PBXCopyFilesBuildPhase section */
		7F8B8B8B2DDFCC9B0083171E /* Embed Foundation Extensions */ = {
			isa = PBXCopyFilesBuildPhase;
			buildActionMask = 2147483647;
			dstPath = "";
			dstSubfolderSpec = 13;
			files = (
				7F8B8B7E2DDFCC9B0083171E /* Conventional Comments Extension.appex in Embed Foundation Extensions */,
			);
			name = "Embed Foundation Extensions";
			runOnlyForDeploymentPostprocessing = 0;
		};
/* End PBXCopyFilesBuildPhase section */

/* Begin PBXFileReference section */
		7F8B8B4A2DDFCC9A0083171E /* Conventional Comments.app */ = {isa = PBXFileReference; explicitFileType = wrapper.application; includeInIndex = 0; path = "Conventional Comments.app"; sourceTree = BUILT_PRODUCTS_DIR; };
		7F8B8B4D2DDFCC9A0083171E /* AppDelegate.swift */ = {isa = PBXFileReference; lastKnownFileType = sourcecode.swift; path = AppDelegate.swift; sourceTree = "<group>"; };
		7F8B8B512DDFCC9A0083171E /* Base */ = {isa = PBXFileReference; lastKnownFileType = text.html; name = Base; path = Base.lproj/Main.html; sourceTree = "<group>"; };
		7F8B8B532DDFCC9A0083171E /* Icon.png */ = {isa = PBXFileReference; lastKnownFileType = image.png; path = Icon.png; sourceTree = "<group>"; };
		7F8B8B552DDFCC9A0083171E /* Style.css */ = {isa = PBXFileReference; lastKnownFileType = text.css; path = Style.css; sourceTree = "<group>"; };
		7F8B8B572DDFCC9A0083171E /* Script.js */ = {isa = PBXFileReference; lastKnownFileType = sourcecode.javascript; path = Script.js; sourceTree = "<group>"; };
		7F8B8B592DDFCC9A0083171E /* ViewController.swift */ = {isa = PBXFileReference; lastKnownFileType = sourcecode.swift; path = ViewController.swift; sourceTree = "<group>"; };
		7F8B8B5C2DDFCC9A0083171E /* Base */ = {isa = PBXFileReference; lastKnownFileType = file.storyboard; name = Base; path = Base.lproj/Main.storyboard; sourceTree = "<group>"; };
		7F8B8B5E2DDFCC9B0083171E /* Assets.xcassets */ = {isa = PBXFileReference; lastKnownFileType = folder.assetcatalog; path = Assets.xcassets; sourceTree = "<group>"; };
		7F8B8B602DDFCC9B0083171E /* Info.plist */ = {isa = PBXFileReference; lastKnownFileType = text.plist.xml; path = Info.plist; sourceTree = "<group>"; };
		7F8B8B612DDFCC9B0083171E /* Conventional_Comments.entitlements */ = {isa = PBXFileReference; lastKnownFileType = text.plist.entitlements; path = Conventional_Comments.entitlements; sourceTree = "<group>"; };
		7F8B8B622DDFCC9B0083171E /* Conventional Comments.entitlements */ = {isa = PBXFileReference; lastKnownFileType = text.plist.entitlements; path = "Conventional Comments.entitlements"; sourceTree = "<group>"; };
		7F8B8B672DDFCC9B0083171E /* Conventional CommentsTests.xctest */ = {isa = PBXFileReference; explicitFileType = wrapper.cfbundle; includeInIndex = 0; path = "Conventional CommentsTests.xctest"; sourceTree = BUILT_PRODUCTS_DIR; };
		7F8B8B6B2DDFCC9B0083171E /* Conventional_CommentsTests.swift */ = {isa = PBXFileReference; lastKnownFileType = sourcecode.swift; path = Conventional_CommentsTests.swift; sourceTree = "<group>"; };
		7F8B8B712DDFCC9B0083171E /* Conventional CommentsUITests.xctest */ = {isa = PBXFileReference; explicitFileType = wrapper.cfbundle; includeInIndex = 0; path = "Conventional CommentsUITests.xctest"; sourceTree = BUILT_PRODUCTS_DIR; };
		7F8B8B752DDFCC9B0083171E /* Conventional_CommentsUITests.swift */ = {isa = PBXFileReference; lastKnownFileType = sourcecode.swift; path = Conventional_CommentsUITests.swift; sourceTree = "<group>"; };
		7F8B8B772DDFCC9B0083171E /* Conventional_CommentsUITestsLaunchTests.swift */ = {isa = PBXFileReference; lastKnownFileType = sourcecode.swift; path = Conventional_CommentsUITestsLaunchTests.swift; sourceTree = "<group>"; };
		7F8B8B7D2DDFCC9B0083171E /* Conventional Comments Extension.appex */ = {isa = PBXFileReference; explicitFileType = "wrapper.app-extension"; includeInIndex = 0; path = "Conventional Comments Extension.appex"; sourceTree = BUILT_PRODUCTS_DIR; };
		7F8B8B822DDFCC9B0083171E /* SafariWebExtensionHandler.swift */ = {isa = PBXFileReference; lastKnownFileType = sourcecode.swift; path = SafariWebExtensionHandler.swift; sourceTree = "<group>"; };
		7F8B8B842DDFCC9B0083171E /* Info.plist */ = {isa = PBXFileReference; lastKnownFileType = text.plist.xml; path = Info.plist; sourceTree = "<group>"; };
		7F8B8B852DDFCC9B0083171E /* Conventional_Comments_Extension.entitlements */ = {isa = PBXFileReference; lastKnownFileType = text.plist.entitlements; path = Conventional_Comments_Extension.entitlements; sourceTree = "<group>"; };
		7F8B8B962DDFCC9B0083171E /* icons */ = {isa = PBXFileReference; lastKnownFileType = folder; name = icons; path = ../../../build/chrome/icons; sourceTree = "<group>"; };
		7F8B8B972DDFCC9B0083171E /* style.css */ = {isa = PBXFileReference; lastKnownFileType = text.css; name = style.css; path = ../../../build/chrome/style.css; sourceTree = "<group>"; };
		7F8B8B982DDFCC9B0083171E /* manifest.json */ = {isa = PBXFileReference; lastKnownFileType = text.json; name = manifest.json; path = ../../../build/chrome/manifest.json; sourceTree = "<group>"; };
		7F8B8B992DDFCC9B0083171E /* content.js */ = {isa = PBXFileReference; lastKnownFileType = sourcecode.javascript; name = content.js; path = ../../../build/chrome/content.js; sourceTree = "<group>"; };
/* End PBXFileReference section */

/* Begin PBXFrameworksBuildPhase section */
		7F8B8B472DDFCC9A0083171E /* Frameworks */ = {
			isa = PBXFrameworksBuildPhase;
			buildActionMask = 2147483647;
			files = (
			);
			runOnlyForDeploymentPostprocessing = 0;
		};
		7F8B8B642DDFCC9B0083171E /* Frameworks */ = {
			isa = PBXFrameworksBuildPhase;
			buildActionMask = 2147483647;
			files = (
			);
			runOnlyForDeploymentPostprocessing = 0;
		};
		7F8B8B6E2DDFCC9B0083171E /* Frameworks */ = {
			isa = PBXFrameworksBuildPhase;
			buildActionMask = 2147483647;
			files = (
			);
			runOnlyForDeploymentPostprocessing = 0;
		};
		7F8B8B7A2DDFCC9B0083171E /* Frameworks */ = {
			isa = PBXFrameworksBuildPhase;
			buildActionMask = 2147483647;
			files = (
			);
			runOnlyForDeploymentPostprocessing = 0;
		};
/* End PBXFrameworksBuildPhase section */

/* Begin PBXGroup section */
		7F8B8B412DDFCC9A0083171E = {
			isa = PBXGroup;
			children = (
				7F8B8B4C2DDFCC9A0083171E /* Conventional Comments */,
				7F8B8B6A2DDFCC9B0083171E /* Conventional CommentsTests */,
				7F8B8B742DDFCC9B0083171E /* Conventional CommentsUITests */,
				7F8B8B812DDFCC9B0083171E /* Conventional Comments Extension */,
				7F8B8B4B2DDFCC9A0083171E /* Products */,
			);
			sourceTree = "<group>";
		};
		7F8B8B4B2DDFCC9A0083171E /* Products */ = {
			isa = PBXGroup;
			children = (
				7F8B8B4A2DDFCC9A0083171E /* Conventional Comments.app */,
				7F8B8B672DDFCC9B0083171E /* Conventional CommentsTests.xctest */,
				7F8B8B712DDFCC9B0083171E /* Conventional CommentsUITests.xctest */,
				7F8B8B7D2DDFCC9B0083171E /* Conventional Comments Extension.appex */,
			);
			name = Products;
			sourceTree = "<group>";
		};
		7F8B8B4C2DDFCC9A0083171E /* Conventional Comments */ = {
			isa = PBXGroup;
			children = (
				7F8B8B4D2DDFCC9A0083171E /* AppDelegate.swift */,
				7F8B8B592DDFCC9A0083171E /* ViewController.swift */,
				7F8B8B5B2DDFCC9A0083171E /* Main.storyboard */,
				7F8B8B5E2DDFCC9B0083171E /* Assets.xcassets */,
				7F8B8B602DDFCC9B0083171E /* Info.plist */,
				7F8B8B612DDFCC9B0083171E /* Conventional_Comments.entitlements */,
				7F8B8B622DDFCC9B0083171E /* Conventional Comments.entitlements */,
				7F8B8B4F2DDFCC9A0083171E /* Resources */,
			);
			path = "Conventional Comments";
			sourceTree = "<group>";
		};
		7F8B8B4F2DDFCC9A0083171E /* Resources */ = {
			isa = PBXGroup;
			children = (
				7F8B8B502DDFCC9A0083171E /* Main.html */,
				7F8B8B532DDFCC9A0083171E /* Icon.png */,
				7F8B8B552DDFCC9A0083171E /* Style.css */,
				7F8B8B572DDFCC9A0083171E /* Script.js */,
			);
			path = Resources;
			sourceTree = "<group>";
		};
		7F8B8B6A2DDFCC9B0083171E /* Conventional CommentsTests */ = {
			isa = PBXGroup;
			children = (
				7F8B8B6B2DDFCC9B0083171E /* Conventional_CommentsTests.swift */,
			);
			path = "Conventional CommentsTests";
			sourceTree = "<group>";
		};
		7F8B8B742DDFCC9B0083171E /* Conventional CommentsUITests */ = {
			isa = PBXGroup;
			children = (
				7F8B8B752DDFCC9B0083171E /* Conventional_CommentsUITests.swift */,
				7F8B8B772DDFCC9B0083171E /* Conventional_CommentsUITestsLaunchTests.swift */,
			);
			path = "Conventional CommentsUITests";
			sourceTree = "<group>";
		};
		7F8B8B812DDFCC9B0083171E /* Conventional Comments Extension */ = {
			isa = PBXGroup;
			children = (
				7F8B8B952DDFCC9B0083171E /* Resources */,
				7F8B8B822DDFCC9B0083171E /* SafariWebExtensionHandler.swift */,
				7F8B8B842DDFCC9B0083171E /* Info.plist */,
				7F8B8B852DDFCC9B0083171E /* Conventional_Comments_Extension.entitlements */,
			);
			path = "Conventional Comments Extension";
			sourceTree = "<group>";
		};
		7F8B8B952DDFCC9B0083171E /* Resources */ = {
			isa = PBXGroup;
			children = (
				7F8B8B962DDFCC9B0083171E /* icons */,
				7F8B8B972DDFCC9B0083171E /* style.css */,
				7F8B8B982DDFCC9B0083171E /* manifest.json */,
				7F8B8B992DDFCC9B0083171E /* content.js */,
			);
			name = Resources;
			path = "Conventional Comments Extension";
			sourceTree = SOURCE_ROOT;
		};
/* End PBXGroup section */

/* Begin PBXNativeTarget section */
		7F8B8B492DDFCC9A0083171E /* Conventional Comments */ = {
			isa = PBXNativeTarget;
			buildConfigurationList = 7F8B8B8C2DDFCC9B0083171E /* Build configuration list for PBXNativeTarget "Conventional Comments" */;
			buildPhases = (
				7F8B8B462DDFCC9A0083171E /* Sources */,
				7F8B8B472DDFCC9A0083171E /* Frameworks */,
				7F8B8B482DDFCC9A0083171E /* Resources */,
				7F8B8B8B2DDFCC9B0083171E /* Embed Foundation Extensions */,
			);
			buildRules = (
			);
			dependencies = (
				7F8B8B802DDFCC9B0083171E /* PBXTargetDependency */,
			);
			name = "Conventional Comments";
			packageProductDependencies = (
			);
			productName = "Conventional Comments";
			productReference = 7F8B8B4A2DDFCC9A0083171E /* Conventional Comments.app */;
			productType = "com.apple.product-type.application";
		};
		7F8B8B662DDFCC9B0083171E /* Conventional CommentsTests */ = {
			isa = PBXNativeTarget;
			buildConfigurationList = 7F8B8B8F2DDFCC9B0083171E /* Build configuration list for PBXNativeTarget "Conventional CommentsTests" */;
			buildPhases = (
				7F8B8B632DDFCC9B0083171E /* Sources */,
				7F8B8B642DDFCC9B0083171E /* Frameworks */,
				7F8B8B652DDFCC9B0083171E /* Resources */,
			);
			buildRules = (
			);
			dependencies = (
				7F8B8B692DDFCC9B0083171E /* PBXTargetDependency */,
			);
			name = "Conventional CommentsTests";
			packageProductDependencies = (
			);
			productName = "Conventional CommentsTests";
			productReference = 7F8B8B672DDFCC9B0083171E /* Conventional CommentsTests.xctest */;
			productType = "com.apple.product-type.bundle.unit-test";
		};
		7F8B8B702DDFCC9B0083171E /* Conventional CommentsUITests */ = {
			isa = PBXNativeTarget;
			buildConfigurationList = 7F8B8B922DDFCC9B0083171E /* Build configuration list for PBXNativeTarget "Conventional CommentsUITests" */;
			buildPhases = (
				7F8B8B6D2DDFCC9B0083171E /* Sources */,
				7F8B8B6E2DDFCC9B0083171E /* Frameworks */,
				7F8B8B6F2DDFCC9B0083171E /* Resources */,
			);
			buildRules = (
			);
			dependencies = (
				7F8B8B732DDFCC9B0083171E /* PBXTargetDependency */,
			);
			name = "Conventional CommentsUITests";
			packageProductDependencies = (
			);
			productName = "Conventional CommentsUITests";
			productReference = 7F8B8B712DDFCC9B0083171E /* Conventional CommentsUITests.xctest */;
			productType = "com.apple.product-type.bundle.ui-testing";
		};
		7F8B8B7C2DDFCC9B0083171E /* Conventional Comments Extension */ = {
			isa = PBXNativeTarget;
			buildConfigurationList = 7F8B8B882DDFCC9B0083171E /* Build configuration list for PBXNativeTarget "Conventional Comments Extension" */;
			buildPhases = (
				7F8B8B792DDFCC9B0083171E /* Sources */,
				7F8B8B7A2DDFCC9B0083171E /* Frameworks */,
				7F8B8B7B2DDFCC9B0083171E /* Resources */,
			);
			buildRules = (
			);
			dependencies = (
			);
			name = "Conventional Comments Extension";
			packageProductDependencies = (
			);
			productName = "Conventional Comments Extension";
			productReference = 7F8B8B7D2DDFCC9B0083171E /* Conventional Comments Extension.appex */;
			productType = "com.apple.product-type.app-extension";
		};
/* End PBXNativeTarget section */

/* Begin PBXProject section */
		7F8B8B422DDFCC9A0083171E /* Project object */ = {
			isa = PBXProject;
			attributes = {
				BuildIndependentTargetsInParallel = 1;
				LastSwiftUpdateCheck = 1630;
				LastUpgradeCheck = 1630;
				TargetAttributes = {
					7F8B8B492DDFCC9A0083171E = {
						CreatedOnToolsVersion = 16.3;
					};
					7F8B8B662DDFCC9B0083171E = {
						CreatedOnToolsVersion = 16.3;
						TestTargetID = 7F8B8B492DDFCC9A0083171E;
					};
					7F8B8B702DDFCC9B0083171E = {
						CreatedOnToolsVersion = 16.3;
						TestTargetID = 7F8B8B492DDFCC9A0083171E;
					};
					7F8B8B7C2DDFCC9B0083171E = {
						CreatedOnToolsVersion = 16.3;
					};
				};
			};
			buildConfigurationList = 7F8B8B452DDFCC9A0083171E /* Build configuration list for PBXProject "Conventional Comments" */;
			developmentRegion = en;
			hasScannedForEncodings = 0;
			knownRegions = (
				en,
				Base,
			);
			mainGroup = 7F8B8B412DDFCC9A0083171E;
			minimizedProjectReferenceProxies = 1;
			preferredProjectObjectVersion = 77;
			productRefGroup = 7F8B8B4B2DDFCC9A0083171E /* Products */;
			projectDirPath = "";
			projectRoot = "";
			targets = (
				7F8B8B492DDFCC9A0083171E /* Conventional Comments */,
				7F8B8B662DDFCC9B0083171E /* Conventional CommentsTests */,
				7F8B8B702DDFCC9B0083171E /* Conventional CommentsUITests */,
				7F8B8B7C2DDFCC9B0083171E /* Conventional Comments Extension */,
			);
		};
/* End PBXProject section */

/* Begin PBXResourcesBuildPhase section */
		7F8B8B482DDFCC9A0083171E /* Resources */ = {
			isa = PBXResourcesBuildPhase;
			buildActionMask = 2147483647;
			files = (
				7F8B8B542DDFCC9A0083171E /* Icon.png in Resources */,
				7F8B8B5D2DDFCC9A0083171E /* Main.storyboard in Resources */,
				7F8B8B582DDFCC9A0083171E /* Script.js in Resources */,
				7F8B8B522DDFCC9A0083171E /* Main.html in Resources */,
				7F8B8B5F2DDFCC9B0083171E /* Assets.xcassets in Resources */,
				7F8B8B562DDFCC9A0083171E /* Style.css in Resources */,
			);
			runOnlyForDeploymentPostprocessing = 0;
		};
		7F8B8B652DDFCC9B0083171E /* Resources */ = {
			isa = PBXResourcesBuildPhase;
			buildActionMask = 2147483647;
			files = (
			);
			runOnlyForDeploymentPostprocessing = 0;
		};
		7F8B8B6F2DDFCC9B0083171E /* Resources */ = {
			isa = PBXResourcesBuildPhase;
			buildActionMask = 2147483647;
			files = (
			);
			runOnlyForDeploymentPostprocessing = 0;
		};
		7F8B8B7B2DDFCC9B0083171E /* Resources */ = {
			isa = PBXResourcesBuildPhase;
			buildActionMask = 2147483647;
			files = (
				7F8B8B9D2DDFCC9B0083171E /* content.js in Resources */,
				7F8B8B9A2DDFCC9B0083171E /* icons in Resources */,
				7F8B8B9C2DDFCC9B0083171E /* manifest.json in Resources */,
				7F8B8B9B2DDFCC9B0083171E /* style.css in Resources */,
			);
			runOnlyForDeploymentPostprocessing = 0;
		};
/* End PBXResourcesBuildPhase section */

/* Begin PBXSourcesBuildPhase section */
		7F8B8B462DDFCC9A0083171E /* Sources */ = {
			isa = PBXSourcesBuildPhase;
			buildActionMask = 2147483647;
			files = (
				7F8B8B5A2DDFCC9A0083171E /* ViewController.swift in Sources */,
				7F8B8B4E2DDFCC9A0083171E /* AppDelegate.swift in Sources */,
			);
			runOnlyForDeploymentPostprocessing = 0;
		};
		7F8B8B632DDFCC9B0083171E /* Sources */ = {
			isa = PBXSourcesBuildPhase;
			buildActionMask = 2147483647;
			files = (
				7F8B8B6C2DDFCC9B0083171E /* Conventional_CommentsTests.swift in Sources */,
			);
			runOnlyForDeploymentPostprocessing = 0;
		};
		7F8B8B6D2DDFCC9B0083171E /* Sources */ = {
			isa = PBXSourcesBuildPhase;
			buildActionMask = 2147483647;
			files = (
				7F8B8B782DDFCC9B0083171E /* Conventional_CommentsUITestsLaunchTests.swift in Sources */,
				7F8B8B762DDFCC9B0083171E /* Conventional_CommentsUITests.swift in Sources */,
			);
			runOnlyForDeploymentPostprocessing = 0;
		};
		7F8B8B792DDFCC9B0083171E /* Sources */ = {
			isa = PBXSourcesBuildPhase;
			buildActionMask = 2147483647;
			files = (
				7F8B8B832DDFCC9B0083171E /* SafariWebExtensionHandler.swift in Sources */,
			);
			runOnlyForDeploymentPostprocessing = 0;
		};
/* End PBXSourcesBuildPhase section */

/* Begin PBXTargetDependency section */
		7F8B8B692DDFCC9B0083171E /* PBXTargetDependency */ = {
			isa = PBXTargetDependency;
			target = 7F8B8B492DDFCC9A0083171E /* Conventional Comments */;
			targetProxy = 7F8B8B682DDFCC9B0083171E /* PBXContainerItemProxy */;
		};
		7F8B8B732DDFCC9B0083171E /* PBXTargetDependency */ = {
			isa = PBXTargetDependency;
			target = 7F8B8B492DDFCC9A0083171E /* Conventional Comments */;
			targetProxy = 7F8B8B722DDFCC9B0083171E /* PBXContainerItemProxy */;
		};
		7F8B8B802DDFCC9B0083171E /* PBXTargetDependency */ = {
			isa = PBXTargetDependency;
			target = 7F8B8B7C2DDFCC9B0083171E /* Conventional Comments Extension */;
			targetProxy = 7F8B8B7F2DDFCC9B0083171E /* PBXContainerItemProxy */;
		};
/* End PBXTargetDependency section */

/* Begin PBXVariantGroup section */
		7F8B8B502DDFCC9A0083171E /* Main.html */ = {
			isa = PBXVariantGroup;
			children = (
				7F8B8B512DDFCC9A0083171E /* Base */,
			);
			name = Main.html;
			sourceTree = "<group>";
		};
		7F8B8B5B2DDFCC9A0083171E /* Main.storyboard */ = {
			isa = PBXVariantGroup;
			children = (
				7F8B8B5C2DDFCC9A0083171E /* Base */,
			);
			name = Main.storyboard;
			sourceTree = "<group>";
		};
/* End PBXVariantGroup section */

/* Begin XCBuildConfiguration section */
		7F8B8B862DDFCC9B0083171E /* Debug */ = {
			isa = XCBuildConfiguration;
			buildSettings = {
				ALWAYS_SEARCH_USER_PATHS = NO;
				ASSETCATALOG_COMPILER_GENERATE_SWIFT_ASSET_SYMBOL_EXTENSIONS = YES;
				CLANG_ANALYZER_NONNULL = YES;
				CLANG_ANALYZER_NUMBER_OBJECT_CONVERSION = YES_AGGRESSIVE;
				CLANG_CXX_LANGUAGE_STANDARD = "gnu++20";
				CLANG_ENABLE_MODULES = YES;
				CLANG_ENABLE_OBJC_ARC = YES;
				CLANG_ENABLE_OBJC_WEAK = YES;
				CLANG_WARN_BLOCK_CAPTURE_AUTORELEASING = YES;
				CLANG_WARN_BOOL_CONVERSION = YES;
				CLANG_WARN_COMMA = YES;
				CLANG_WARN_CONSTANT_CONVERSION = YES;
				CLANG_WARN_DEPRECATED_OBJC_IMPLEMENTATIONS = YES;
				CLANG_WARN_DIRECT_OBJC_ISA_USAGE = YES_ERROR;
				CLANG_WARN_DOCUMENTATION_COMMENTS = YES;
				CLANG_WARN_EMPTY_BODY = YES;
				CLANG_WARN_ENUM_CONVERSION = YES;
				CLANG_WARN_INFINITE_RECURSION = YES;
				CLANG_WARN_INT_CONVERSION = YES;
				CLANG_WARN_NON_LITERAL_NULL_CONVERSION = YES;
				CLANG_WARN_OBJC_IMPLICIT_RETAIN_SELF = YES;
				CLANG_WARN_OBJC_LITERAL_CONVERSION = YES;
				CLANG_WARN_OBJC_ROOT_CLASS = YES_ERROR;
				CLANG_WARN_QUOTED_INCLUDE_IN_FRAMEWORK_HEADER = YES;
				CLANG_WARN_RANGE_LOOP_ANALYSIS = YES;
				CLANG_WARN_STRICT_PROTOTYPES = YES;
				CLANG_WARN_SUSPICIOUS_MOVE = YES;
				CLANG_WARN_UNGUARDED_AVAILABILITY = YES_AGGRESSIVE;
				CLANG_WARN_UNREACHABLE_CODE = YES;
				CLANG_WARN__DUPLICATE_METHOD_MATCH = YES;
				COPY_PHASE_STRIP = NO;
				DEBUG_INFORMATION_FORMAT = dwarf;
				ENABLE_STRICT_OBJC_MSGSEND = YES;
				ENABLE_TESTABILITY = YES;
				ENABLE_USER_SCRIPT_SANDBOXING = YES;
				GCC_C_LANGUAGE_STANDARD = gnu17;
				GCC_DYNAMIC_NO_PIC = NO;
				GCC_NO_COMMON_BLOCKS = YES;
				GCC_OPTIMIZATION_LEVEL = 0;
				GCC_PREPROCESSOR_DEFINITIONS = (
					"DEBUG=1",
					"$(inherited)",
				);
				GCC_WARN_64_TO_32_BIT_CONVERSION = YES;
				GCC_WARN_ABOUT_RETURN_TYPE = YES_ERROR;
				GCC_WARN_UNDECLARED_SELECTOR = YES;
				GCC_WARN_UNINITIALIZED_AUTOS = YES_AGGRESSIVE;
				GCC_WARN_UNUSED_FUNCTION = YES;
				GCC_WARN_UNUSED_VARIABLE = YES;
				LOCALIZATION_PREFERS_STRING_CATALOGS = YES;
				MACOSX_DEPLOYMENT_TARGET = 15.4;
				MTL_ENABLE_DEBUG_INFO = INCLUDE_SOURCE;
				MTL_FAST_MATH = YES;
				ONLY_ACTIVE_ARCH = YES;
				SDKROOT = macosx;
				SWIFT_ACTIVE_COMPILATION_CONDITIONS = "DEBUG $(inherited)";
				SWIFT_OPTIMIZATION_LEVEL = "-Onone";
			};
			name = Debug;
		};
		7F8B8B872DDFCC9B0083171E /* Release */ = {
			isa = XCBuildConfiguration;
			buildSettings = {
				ALWAYS_SEARCH_USER_PATHS = NO;
				ASSETCATALOG_COMPILER_GENERATE_SWIFT_ASSET_SYMBOL_EXTENSIONS = YES;
				CLANG_ANALYZER_NONNULL = YES;
				CLANG_ANALYZER_NUMBER_OBJECT_CONVERSION = YES_AGGRESSIVE;
				CLANG_CXX_LANGUAGE_STANDARD = "gnu++20";
				CLANG_ENABLE_MODULES = YES;
				CLANG_ENABLE_OBJC_ARC = YES;
				CLANG_ENABLE_OBJC_WEAK = YES;
				CLANG_WARN_BLOCK_CAPTURE_AUTORELEASING = YES;
				CLANG_WARN_BOOL_CONVERSION = YES;
				CLANG_WARN_COMMA = YES;
				CLANG_WARN_CONSTANT_CONVERSION = YES;
				CLANG_WARN_DEPRECATED_OBJC_IMPLEMENTATIONS = YES;
				CLANG_WARN_DIRECT_OBJC_ISA_USAGE = YES_ERROR;
				CLANG_WARN_DOCUMENTATION_COMMENTS = YES;
				CLANG_WARN_EMPTY_BODY = YES;
				CLANG_WARN_ENUM_CONVERSION = YES;
				CLANG_WARN_INFINITE_RECURSION = YES;
				CLANG_WARN_INT_CONVERSION = YES;
				CLANG_WARN_NON_LITERAL_NULL_CONVERSION = YES;
				CLANG_WARN_OBJC_IMPLICIT_RETAIN_SELF = YES;
				CLANG_WARN_OBJC_LITERAL_CONVERSION = YES;
				CLANG_WARN_OBJC_ROOT_CLASS = YES_ERROR;
				CLANG_WARN_QUOTED_INCLUDE_IN_FRAMEWORK_HEADER = YES;
				CLANG_WARN_RANGE_LOOP_ANALYSIS = YES;
				CLANG_WARN_STRICT_PROTOTYPES = YES;
				CLANG_WARN_SUSPICIOUS_MOVE = YES;
				CLANG_WARN_UNGUARDED_AVAILABILITY = YES_AGGRESSIVE;
				CLANG_WARN_UNREACHABLE_CODE = YES;
				CLANG_WARN__DUPLICATE_METHOD_MATCH = YES;
				COPY_PHASE_STRIP = NO;
				DEBUG_INFORMATION_FORMAT = "dwarf-with-dsym";
				ENABLE_NS_ASSERTIONS = NO;
				ENABLE_STRICT_OBJC_MSGSEND = YES;
				ENABLE_USER_SCRIPT_SANDBOXING = YES;
				GCC_C_LANGUAGE_STANDARD = gnu17;
				GCC_NO_COMMON_BLOCKS = YES;
				GCC_WARN_64_TO_32_BIT_CONVERSION = YES;
				GCC_WARN_ABOUT_RETURN_TYPE = YES_ERROR;
				GCC_WARN_UNDECLARED_SELECTOR = YES;
				GCC_WARN_UNINITIALIZED_AUTOS = YES_AGGRESSIVE;
				GCC_WARN_UNUSED_FUNCTION = YES;
				GCC_WARN_UNUSED_VARIABLE = YES;
				LOCALIZATION_PREFERS_STRING_CATALOGS = YES;
				MACOSX_DEPLOYMENT_TARGET = 15.4;
				MTL_ENABLE_DEBUG_INFO = NO;
				MTL_FAST_MATH = YES;
				SDKROOT = macosx;
				SWIFT_COMPILATION_MODE = wholemodule;
			};
			name = Release;
		};
		7F8B8B892DDFCC9B0083171E /* Debug */ = {
			isa = XCBuildConfiguration;
			buildSettings = {
				CODE_SIGN_ENTITLEMENTS = "Conventional Comments Extension/Conventional_Comments_Extension.entitlements";
				CODE_SIGN_STYLE = Automatic;
				CURRENT_PROJECT_VERSION = 1;
				ENABLE_HARDENED_RUNTIME = YES;
				GENERATE_INFOPLIST_FILE = YES;
				INFOPLIST_FILE = "Conventional Comments Extension/Info.plist";
				INFOPLIST_KEY_CFBundleDisplayName = "Conventional Comments Extension";
				INFOPLIST_KEY_NSHumanReadableCopyright = "";
				LD_RUNPATH_SEARCH_PATHS = (
					"$(inherited)",
					"@executable_path/../Frameworks",
					"@executable_path/../../../../Frameworks",
				);
				MACOSX_DEPLOYMENT_TARGET = 10.14;
				MARKETING_VERSION = 1.0;
				OTHER_LDFLAGS = (
					"-framework",
					SafariServices,
				);
				PRODUCT_BUNDLE_IDENTIFIER = "io.pullpo.Conventional-Comments.Extension";
				PRODUCT_NAME = "$(TARGET_NAME)";
				SKIP_INSTALL = YES;
				SWIFT_EMIT_LOC_STRINGS = YES;
				SWIFT_VERSION = 5.0;
			};
			name = Debug;
		};
		7F8B8B8A2DDFCC9B0083171E /* Release */ = {
			isa = XCBuildConfiguration;
			buildSettings = {
				CODE_SIGN_ENTITLEMENTS = "Conventional Comments Extension/Conventional_Comments_Extension.entitlements";
				CODE_SIGN_STYLE = Automatic;
				CURRENT_PROJECT_VERSION = 1;
				ENABLE_HARDENED_RUNTIME = YES;
				GENERATE_INFOPLIST_FILE = YES;
				INFOPLIST_FILE = "Conventional Comments Extension/Info.plist";
				INFOPLIST_KEY_CFBundleDisplayName = "Conventional Comments Extension";
				INFOPLIST_KEY_NSHumanReadableCopyright = "";
				LD_RUNPATH_SEARCH_PATHS = (
					"$(inherited)",
					"@executable_path/../Frameworks",
					"@executable_path/../../../../Frameworks",
				);
				MACOSX_DEPLOYMENT_TARGET = 10.14;
				MARKETING_VERSION = 1.0;
				OTHER_LDFLAGS = (
					"-framework",
					SafariServices,
				);
				PRODUCT_BUNDLE_IDENTIFIER = "io.pullpo.Conventional-Comments.Extension";
				PRODUCT_NAME = "$(TARGET_NAME)";
				SKIP_INSTALL = YES;
				SWIFT_EMIT_LOC_STRINGS = YES;
				SWIFT_VERSION = 5.0;
			};
			name = Release;
		};
		7F8B8B8D2DDFCC9B0083171E /* Debug */ = {
			isa = XCBuildConfiguration;
			buildSettings = {
				ASSETCATALOG_COMPILER_APPICON_NAME = AppIcon;
				ASSETCATALOG_COMPILER_GLOBAL_ACCENT_COLOR_NAME = AccentColor;
				CODE_SIGN_ENTITLEMENTS = "Conventional Comments/Conventional Comments.entitlements";
				CODE_SIGN_STYLE = Automatic;
				COMBINE_HIDPI_IMAGES = YES;
				CURRENT_PROJECT_VERSION = 1;
				ENABLE_HARDENED_RUNTIME = YES;
				GENERATE_INFOPLIST_FILE = YES;
				INFOPLIST_FILE = "Conventional Comments/Info.plist";
				INFOPLIST_KEY_CFBundleDisplayName = "Conventional Comments";
				INFOPLIST_KEY_NSHumanReadableCopyright = "";
				INFOPLIST_KEY_NSMainStoryboardFile = Main;
				INFOPLIST_KEY_NSPrincipalClass = NSApplication;
				LD_RUNPATH_SEARCH_PATHS = (
					"$(inherited)",
					"@executable_path/../Frameworks",
				);
				MACOSX_DEPLOYMENT_TARGET = 10.14;
				MARKETING_VERSION = 1.0;
				OTHER_LDFLAGS = (
					"-framework",
					SafariServices,
					"-framework",
					WebKit,
				);
				PRODUCT_BUNDLE_IDENTIFIER = "io.pullpo.Conventional-Comments";
				PRODUCT_NAME = "$(TARGET_NAME)";
				REGISTER_APP_GROUPS = YES;
				SWIFT_EMIT_LOC_STRINGS = YES;
				SWIFT_VERSION = 5.0;
			};
			name = Debug;
		};
		7F8B8B8E2DDFCC9B0083171E /* Release */ = {
			isa = XCBuildConfiguration;
			buildSettings = {
				ASSETCATALOG_COMPILER_APPICON_NAME = AppIcon;
				ASSETCATALOG_COMPILER_GLOBAL_ACCENT_COLOR_NAME = AccentColor;
				CODE_SIGN_ENTITLEMENTS = "Conventional Comments/Conventional Comments.entitlements";
				CODE_SIGN_STYLE = Automatic;
				COMBINE_HIDPI_IMAGES = YES;
				CURRENT_PROJECT_VERSION = 1;
				ENABLE_HARDENED_RUNTIME = YES;
				GENERATE_INFOPLIST_FILE = YES;
				INFOPLIST_FILE = "Conventional Comments/Info.plist";
				INFOPLIST_KEY_CFBundleDisplayName = "Conventional Comments";
				INFOPLIST_KEY_NSHumanReadableCopyright = "";
				INFOPLIST_KEY_NSMainStoryboardFile = Main;
				INFOPLIST_KEY_NSPrincipalClass = NSApplication;
				LD_RUNPATH_SEARCH_PATHS = (
					"$(inherited)",
					"@executable_path/../Frameworks",
				);
				MACOSX_DEPLOYMENT_TARGET = 10.14;
				MARKETING_VERSION = 1.0;
				OTHER_LDFLAGS = (
					"-framework",
					SafariServices,
					"-framework",
					WebKit,
				);
				PRODUCT_BUNDLE_IDENTIFIER = "io.pullpo.Conventional-Comments";
				PRODUCT_NAME = "$(TARGET_NAME)";
				REGISTER_APP_GROUPS = YES;
				SWIFT_EMIT_LOC_STRINGS = YES;
				SWIFT_VERSION = 5.0;
			};
			name = Release;
		};
		7F8B8B902DDFCC9B0083171E /* Debug */ = {
			isa = XCBuildConfiguration;
			buildSettings = {
				BUNDLE_LOADER = "$(TEST_HOST)";
				CODE_SIGN_STYLE = Automatic;
				CURRENT_PROJECT_VERSION = 1;
				GENERATE_INFOPLIST_FILE = YES;
				MACOSX_DEPLOYMENT_TARGET = 10.14;
				MARKETING_VERSION = 1.0;
				PRODUCT_BUNDLE_IDENTIFIER = "io.pullpo.Conventional-CommentsTests";
				PRODUCT_NAME = "$(TARGET_NAME)";
				SWIFT_EMIT_LOC_STRINGS = NO;
				SWIFT_VERSION = 5.0;
				TEST_HOST = "$(BUILT_PRODUCTS_DIR)/Conventional Comments.app/$(BUNDLE_EXECUTABLE_FOLDER_PATH)/Conventional Comments";
			};
			name = Debug;
		};
		7F8B8B912DDFCC9B0083171E /* Release */ = {
			isa = XCBuildConfiguration;
			buildSettings = {
				BUNDLE_LOADER = "$(TEST_HOST)";
				CODE_SIGN_STYLE = Automatic;
				CURRENT_PROJECT_VERSION = 1;
				GENERATE_INFOPLIST_FILE = YES;
				MACOSX_DEPLOYMENT_TARGET = 10.14;
				MARKETING_VERSION = 1.0;
				PRODUCT_BUNDLE_IDENTIFIER = "io.pullpo.Conventional-CommentsTests";
				PRODUCT_NAME = "$(TARGET_NAME)";
				SWIFT_EMIT_LOC_STRINGS = NO;
				SWIFT_VERSION = 5.0;
				TEST_HOST = "$(BUILT_PRODUCTS_DIR)/Conventional Comments.app/$(BUNDLE_EXECUTABLE_FOLDER_PATH)/Conventional Comments";
			};
			name = Release;
		};
		7F8B8B932DDFCC9B0083171E /* Debug */ = {
			isa = XCBuildConfiguration;
			buildSettings = {
				CODE_SIGN_STYLE = Automatic;
				CURRENT_PROJECT_VERSION = 1;
				GENERATE_INFOPLIST_FILE = YES;
				MARKETING_VERSION = 1.0;
				PRODUCT_BUNDLE_IDENTIFIER = "io.pullpo.Conventional-CommentsUITests";
				PRODUCT_NAME = "$(TARGET_NAME)";
				SWIFT_EMIT_LOC_STRINGS = NO;
				SWIFT_VERSION = 5.0;
				TEST_TARGET_NAME = "Conventional Comments";
			};
			name = Debug;
		};
		7F8B8B942DDFCC9B0083171E /* Release */ = {
			isa = XCBuildConfiguration;
			buildSettings = {
				CODE_SIGN_STYLE = Automatic;
				CURRENT_PROJECT_VERSION = 1;
				GENERATE_INFOPLIST_FILE = YES;
				MARKETING_VERSION = 1.0;
				PRODUCT_BUNDLE_IDENTIFIER = "io.pullpo.Conventional-CommentsUITests";
				PRODUCT_NAME = "$(TARGET_NAME)";
				SWIFT_EMIT_LOC_STRINGS = NO;
				SWIFT_VERSION = 5.0;
				TEST_TARGET_NAME = "Conventional Comments";
			};
			name = Release;
		};
/* End XCBuildConfiguration section */

/* Begin XCConfigurationList section */
		7F8B8B452DDFCC9A0083171E /* Build configuration list for PBXProject "Conventional Comments" */ = {
			isa = XCConfigurationList;
			buildConfigurations = (
				7F8B8B862DDFCC9B0083171E /* Debug */,
				7F8B8B872DDFCC9B0083171E /* Release */,
			);
			defaultConfigurationIsVisible = 0;
			defaultConfigurationName = Release;
		};
		7F8B8B882DDFCC9B0083171E /* Build configuration list for PBXNativeTarget "Conventional Comments Extension" */ = {
			isa = XCConfigurationList;
			buildConfigurations = (
				7F8B8B892DDFCC9B0083171E /* Debug */,
				7F8B8B8A2DDFCC9B0083171E /* Release */,
			);
			defaultConfigurationIsVisible = 0;
			defaultConfigurationName = Release;
		};
		7F8B8B8C2DDFCC9B0083171E /* Build configuration list for PBXNativeTarget "Conventional Comments" */ = {
			isa = XCConfigurationList;
			buildConfigurations = (
				7F8B8B8D2DDFCC9B0083171E /* Debug */,
				7F8B8B8E2DDFCC9B0083171E /* Release */,
			);
			defaultConfigurationIsVisible = 0;
			defaultConfigurationName = Release;
		};
		7F8B8B8F2DDFCC9B0083171E /* Build configuration list for PBXNativeTarget "Conventional CommentsTests" */ = {
			isa = XCConfigurationList;
			buildConfigurations = (
				7F8B8B902DDFCC9B0083171E /* Debug */,
				7F8B8B912DDFCC9B0083171E /* Release */,
			);
			defaultConfigurationIsVisible = 0;
			defaultConfigurationName = Release;
		};
		7F8B8B922DDFCC9B0083171E /* Build configuration list for PBXNativeTarget "Conventional CommentsUITests" */ = {
			isa = XCConfigurationList;
			buildConfigurations = (
				7F8B8B932DDFCC9B0083171E /* Debug */,
				7F8B8B942DDFCC9B0083171E /* Release */,
			);
			defaultConfigurationIsVisible = 0;
			defaultConfigurationName = Release;
		};
/* End XCConfigurationList section */
	};
	rootObject = 7F8B8B422DDFCC9A0083171E /* Project object */;
}
